
Microsoft Visual Studio Solution File, Format Version 12.00
# Visual Studio 2013
VisualStudioVersion = 12.0.40629.0
MinimumVisualStudioVersion = 10.0.40219.1
Project("{2150E333-8FDC-42A3-9474-1A3956D46DE8}") = "src", "src", "{9949C2AB-DC2E-4846-B9A0-2F96B92BB7D6}"
	ProjectSection(SolutionItems) = preProject
		src\HtmlUtil.js = src\HtmlUtil.js
		src\HtmlUtil.min.js = src\HtmlUtil.min.js
		src\StrUtil.js = src\StrUtil.js
		src\StrUtil.min.js = src\StrUtil.min.js
	EndProjectSection
EndProject
Project("{FAE04EC0-301F-11D3-BF4B-00C04F79EFBC}") = "web", "web\web.csproj", "{3C600C7D-175F-4092-A4DB-585A8D9C5178}"
EndProject
Project("{2150E333-8FDC-42A3-9474-1A3956D46DE8}") = "help", "help", "{919BBA71-4D51-4744-BB44-CDCEC92C3762}"
	ProjectSection(SolutionItems) = preProject
		help\jasmine-matchers.txt = help\jasmine-matchers.txt
	EndProjectSection
EndProject
Global
	GlobalSection(SolutionConfigurationPlatforms) = preSolution
		Debug|Any CPU = Debug|Any CPU
		Debug|ARM = Debug|ARM
		Debug|x64 = Debug|x64
		Debug|x86 = Debug|x86
		Release|Any CPU = Release|Any CPU
		Release|ARM = Release|ARM
		Release|x64 = Release|x64
		Release|x86 = Release|x86
	EndGlobalSection
	GlobalSection(ProjectConfigurationPlatforms) = postSolution
		{3C600C7D-175F-4092-A4DB-585A8D9C5178}.Debug|Any CPU.ActiveCfg = Debug|Any CPU
		{3C600C7D-175F-4092-A4DB-585A8D9C5178}.Debug|Any CPU.Build.0 = Debug|Any CPU
		{3C600C7D-175F-4092-A4DB-585A8D9C5178}.Debug|ARM.ActiveCfg = Debug|Any CPU
		{3C600C7D-175F-4092-A4DB-585A8D9C5178}.Debug|x64.ActiveCfg = Debug|Any CPU
		{3C600C7D-175F-4092-A4DB-585A8D9C5178}.Debug|x86.ActiveCfg = Debug|Any CPU
		{3C600C7D-175F-4092-A4DB-585A8D9C5178}.Release|Any CPU.ActiveCfg = Release|Any CPU
		{3C600C7D-175F-4092-A4DB-585A8D9C5178}.Release|Any CPU.Build.0 = Release|Any CPU
		{3C600C7D-175F-4092-A4DB-585A8D9C5178}.Release|ARM.ActiveCfg = Release|Any CPU
		{3C600C7D-175F-4092-A4DB-585A8D9C5178}.Release|x64.ActiveCfg = Release|Any CPU
		{3C600C7D-175F-4092-A4DB-585A8D9C5178}.Release|x86.ActiveCfg = Release|Any CPU
	EndGlobalSection
	GlobalSection(SolutionProperties) = preSolution
		HideSolutionNode = FALSE
	EndGlobalSection
EndGlobal
